
Microsoft Visual Studio Solution File, Format Version 12.00
# Visual Studio Version 17
VisualStudioVersion = 17.4.33213.308
MinimumVisualStudioVersion = 10.0.40219.1
Project("{FAE04EC0-301F-11D3-BF4B-00C04F79EFBC}") = "SingleRT", "SingleRT\SingleRT.csproj", "{5CE12482-9D3B-4A10-8497-65D91AE11591}"
EndProject
Global
	GlobalSection(SolutionConfigurationPlatforms) = preSolution
		Debug|Any CPU = Debug|Any CPU
		Release|Any CPU = Release|Any CPU
	EndGlobalSection
	GlobalSection(ProjectConfigurationPlatforms) = postSolution
		{5CE12482-9D3B-4A10-8497-65D91AE11591}.Debug|Any CPU.ActiveCfg = Debug|Any CPU
		{5CE12482-9D3B-4A10-8497-65D91AE11591}.Debug|Any CPU.Build.0 = Debug|Any CPU
		{5CE12482-9D3B-4A10-8497-65D91AE11591}.Release|Any CPU.ActiveCfg = Release|Any CPU
		{5CE12482-9D3B-4A10-8497-65D91AE11591}.Release|Any CPU.Build.0 = Release|Any CPU
	EndGlobalSection
	GlobalSection(SolutionProperties) = preSolution
		HideSolutionNode = FALSE
	EndGlobalSection
	GlobalSection(ExtensibilityGlobals) = postSolution
		SolutionGuid = {089D36B4-BE7E-4AFE-940A-7770A3C7591A}
	EndGlobalSection
EndGlobal
